
Microsoft Visual Studio Solution File, Format Version 12.00
# Visual Studio 15
VisualStudioVersion = 15.0.28307.1000
MinimumVisualStudioVersion = 10.0.40219.1
Project("{FAE04EC0-301F-11D3-BF4B-00C04F79EFBC}") = "MinvoiceLoadDataMisa", "MinvoiceLoadDataMisa\MinvoiceLoadDataMisa.csproj", "{C1C789C5-7BC4-4FEE-9F4C-9D4C4A882A54}"
EndProject
Project("{54435603-DBB4-11D2-8724-00A0C9A8B90C}") = "Setup", "Setup\Setup.vdproj", "{A8CAD71E-375F-4FC3-8B41-A5D7875C5760}"
EndProject
Project("{54435603-DBB4-11D2-8724-00A0C9A8B90C}") = "SetupToolTAMVIET", "Setup\SetupToolTAMVIET\SetupToolTAMVIET.vdproj", "{AD2EB388-D2CE-4D03-A0F3-F19C618F1BBE}"
EndProject
Global
	GlobalSection(SolutionConfigurationPlatforms) = preSolution
		Debug|Any CPU = Debug|Any CPU
		Release|Any CPU = Release|Any CPU
	EndGlobalSection
	GlobalSection(ProjectConfigurationPlatforms) = postSolution
		{C1C789C5-7BC4-4FEE-9F4C-9D4C4A882A54}.Debug|Any CPU.ActiveCfg = Debug|Any CPU
		{C1C789C5-7BC4-4FEE-9F4C-9D4C4A882A54}.Debug|Any CPU.Build.0 = Debug|Any CPU
		{C1C789C5-7BC4-4FEE-9F4C-9D4C4A882A54}.Release|Any CPU.ActiveCfg = Release|Any CPU
		{C1C789C5-7BC4-4FEE-9F4C-9D4C4A882A54}.Release|Any CPU.Build.0 = Release|Any CPU
		{A8CAD71E-375F-4FC3-8B41-A5D7875C5760}.Debug|Any CPU.ActiveCfg = Debug
		{A8CAD71E-375F-4FC3-8B41-A5D7875C5760}.Release|Any CPU.ActiveCfg = Release
		{AD2EB388-D2CE-4D03-A0F3-F19C618F1BBE}.Debug|Any CPU.ActiveCfg = Debug
		{AD2EB388-D2CE-4D03-A0F3-F19C618F1BBE}.Release|Any CPU.ActiveCfg = Release
	EndGlobalSection
	GlobalSection(SolutionProperties) = preSolution
		HideSolutionNode = FALSE
	EndGlobalSection
	GlobalSection(ExtensibilityGlobals) = postSolution
		SolutionGuid = {D147EFAD-3537-4925-9F29-E429BBA0A0FF}
	EndGlobalSection
EndGlobal
